
Microsoft Visual Studio Solution File, Format Version 12.00
# Visual Studio Version 17
VisualStudioVersion = 17.9.34728.123
MinimumVisualStudioVersion = 10.0.40219.1
Project("{9A19103F-16F7-4668-BE54-9A1E7A4F7556}") = "UserAPI", "UserAPI\UserAPI.csproj", "{1F0E4991-2D27-41F7-9B77-C19D4F675A66}"
EndProject
Project("{9A19103F-16F7-4668-BE54-9A1E7A4F7556}") = "Gateway", "Gateway\Gateway.csproj", "{E7E9460B-CB72-4B7F-AAAA-BA065C82EF9A}"
EndProject
Project("{9A19103F-16F7-4668-BE54-9A1E7A4F7556}") = "StadiumAPI", "StadiumAPI\StadiumAPI.csproj", "{83E817B3-CA23-1EDF-E597-8468DD04057B}"
EndProject
Project("{9A19103F-16F7-4668-BE54-9A1E7A4F7556}") = "FindTeamAPI", "FindTeamAPI\FindTeamAPI.csproj", "{01BD19C6-DFBE-F802-1142-AA51918DDB6B}"
EndProject
Project("{9A19103F-16F7-4668-BE54-9A1E7A4F7556}") = "BookingAPI", "BookingAPI\BookingAPI.csproj", "{F05F8305-950B-4565-AE36-05D26831B93F}"
EndProject
Project("{9A19103F-16F7-4668-BE54-9A1E7A4F7556}") = "DiscountAPI", "DiscountAPI\DiscountAPI.csproj", "{DE2C1A40-408F-4E97-81B9-6036C72D565E}"
EndProject
Project("{9A19103F-16F7-4668-BE54-9A1E7A4F7556}") = "FeedbackAPI", "FeedbackAPI\FeedbackAPI.csproj", "{D8A2658F-E166-439E-B46A-8812FAFE4387}"
EndProject
Project("{9A19103F-16F7-4668-BE54-9A1E7A4F7556}") = "FavoriteAPI", "FavoriteAPI\FavoriteAPI.csproj", "{D6E8BF78-8798-4B24-8F10-E7CC876821A2}"
EndProject
Project("{FAE04EC0-301F-11D3-BF4B-00C04F79EFBC}") = "NotificationAPI", "NotificationAPI\NotificationAPI.csproj", "{088735A7-0BE7-4292-B36A-75FAAE8F67F9}"
EndProject
Project("{FAE04EC0-301F-11D3-BF4B-00C04F79EFBC}") = "StadiumEquipmentAPI", "StadiumEquipmentAPI\StadiumEquipmentAPI.csproj", "{C8C95347-EBCC-44B4-B659-F86E432BCCC3}"
EndProject
Global
	GlobalSection(SolutionConfigurationPlatforms) = preSolution
		Debug|Any CPU = Debug|Any CPU
		Release|Any CPU = Release|Any CPU
	EndGlobalSection
	GlobalSection(ProjectConfigurationPlatforms) = postSolution
		{1F0E4991-2D27-41F7-9B77-C19D4F675A66}.Debug|Any CPU.ActiveCfg = Debug|Any CPU
		{1F0E4991-2D27-41F7-9B77-C19D4F675A66}.Debug|Any CPU.Build.0 = Debug|Any CPU
		{1F0E4991-2D27-41F7-9B77-C19D4F675A66}.Release|Any CPU.ActiveCfg = Release|Any CPU
		{1F0E4991-2D27-41F7-9B77-C19D4F675A66}.Release|Any CPU.Build.0 = Release|Any CPU
		{E7E9460B-CB72-4B7F-AAAA-BA065C82EF9A}.Debug|Any CPU.ActiveCfg = Debug|Any CPU
		{E7E9460B-CB72-4B7F-AAAA-BA065C82EF9A}.Debug|Any CPU.Build.0 = Debug|Any CPU
		{E7E9460B-CB72-4B7F-AAAA-BA065C82EF9A}.Release|Any CPU.ActiveCfg = Release|Any CPU
		{E7E9460B-CB72-4B7F-AAAA-BA065C82EF9A}.Release|Any CPU.Build.0 = Release|Any CPU
		{83E817B3-CA23-1EDF-E597-8468DD04057B}.Debug|Any CPU.ActiveCfg = Debug|Any CPU
		{83E817B3-CA23-1EDF-E597-8468DD04057B}.Debug|Any CPU.Build.0 = Debug|Any CPU
		{83E817B3-CA23-1EDF-E597-8468DD04057B}.Release|Any CPU.ActiveCfg = Release|Any CPU
		{83E817B3-CA23-1EDF-E597-8468DD04057B}.Release|Any CPU.Build.0 = Release|Any CPU
		{01BD19C6-DFBE-F802-1142-AA51918DDB6B}.Debug|Any CPU.ActiveCfg = Debug|Any CPU
		{01BD19C6-DFBE-F802-1142-AA51918DDB6B}.Debug|Any CPU.Build.0 = Debug|Any CPU
		{01BD19C6-DFBE-F802-1142-AA51918DDB6B}.Release|Any CPU.ActiveCfg = Release|Any CPU
		{01BD19C6-DFBE-F802-1142-AA51918DDB6B}.Release|Any CPU.Build.0 = Release|Any CPU
		{F05F8305-950B-4565-AE36-05D26831B93F}.Debug|Any CPU.ActiveCfg = Debug|Any CPU
		{F05F8305-950B-4565-AE36-05D26831B93F}.Debug|Any CPU.Build.0 = Debug|Any CPU
		{F05F8305-950B-4565-AE36-05D26831B93F}.Release|Any CPU.ActiveCfg = Release|Any CPU
		{F05F8305-950B-4565-AE36-05D26831B93F}.Release|Any CPU.Build.0 = Release|Any CPU
		{DE2C1A40-408F-4E97-81B9-6036C72D565E}.Debug|Any CPU.ActiveCfg = Debug|Any CPU
		{DE2C1A40-408F-4E97-81B9-6036C72D565E}.Debug|Any CPU.Build.0 = Debug|Any CPU
		{DE2C1A40-408F-4E97-81B9-6036C72D565E}.Release|Any CPU.ActiveCfg = Release|Any CPU
		{DE2C1A40-408F-4E97-81B9-6036C72D565E}.Release|Any CPU.Build.0 = Release|Any CPU
		{D8A2658F-E166-439E-B46A-8812FAFE4387}.Debug|Any CPU.ActiveCfg = Debug|Any CPU
		{D8A2658F-E166-439E-B46A-8812FAFE4387}.Debug|Any CPU.Build.0 = Debug|Any CPU
		{D8A2658F-E166-439E-B46A-8812FAFE4387}.Release|Any CPU.ActiveCfg = Release|Any CPU
		{D8A2658F-E166-439E-B46A-8812FAFE4387}.Release|Any CPU.Build.0 = Release|Any CPU
		{D6E8BF78-8798-4B24-8F10-E7CC876821A2}.Debug|Any CPU.ActiveCfg = Debug|Any CPU
		{D6E8BF78-8798-4B24-8F10-E7CC876821A2}.Debug|Any CPU.Build.0 = Debug|Any CPU
		{D6E8BF78-8798-4B24-8F10-E7CC876821A2}.Release|Any CPU.ActiveCfg = Release|Any CPU
		{D6E8BF78-8798-4B24-8F10-E7CC876821A2}.Release|Any CPU.Build.0 = Release|Any CPU
<<<<<<< HEAD
		{C8C95347-EBCC-44B4-B659-F86E432BCCC3}.Debug|Any CPU.ActiveCfg = Debug|Any CPU
		{C8C95347-EBCC-44B4-B659-F86E432BCCC3}.Debug|Any CPU.Build.0 = Debug|Any CPU
		{C8C95347-EBCC-44B4-B659-F86E432BCCC3}.Release|Any CPU.ActiveCfg = Release|Any CPU
		{C8C95347-EBCC-44B4-B659-F86E432BCCC3}.Release|Any CPU.Build.0 = Release|Any CPU
=======
		{088735A7-0BE7-4292-B36A-75FAAE8F67F9}.Debug|Any CPU.ActiveCfg = Debug|Any CPU
		{088735A7-0BE7-4292-B36A-75FAAE8F67F9}.Debug|Any CPU.Build.0 = Debug|Any CPU
		{088735A7-0BE7-4292-B36A-75FAAE8F67F9}.Release|Any CPU.ActiveCfg = Release|Any CPU
		{088735A7-0BE7-4292-B36A-75FAAE8F67F9}.Release|Any CPU.Build.0 = Release|Any CPU
>>>>>>> ba472a8bac1eb78415b382aa34b4cc8b7497d3b7
	EndGlobalSection
	GlobalSection(SolutionProperties) = preSolution
		HideSolutionNode = FALSE
	EndGlobalSection
	GlobalSection(ExtensibilityGlobals) = postSolution
		SolutionGuid = {23CE7A97-DED8-48B1-9499-ECE8D31F5330}
	EndGlobalSection
EndGlobal
