Microsoft Visual Studio Solution File, Format Version 12.00
# Visual Studio Version 17
VisualStudioVersion = 17.5.2.0
MinimumVisualStudioVersion = 10.0.40219.1
Project("{FAE04EC0-301F-11D3-BF4B-00C04F79EFBC}") = "CustomerUI", "CustomerUI.csproj", "{C48D4B0C-38BA-E142-848A-F4DE09490913}"
EndProject
Global
	GlobalSection(SolutionConfigurationPlatforms) = preSolution
		Debug|Any CPU = Debug|Any CPU
		Release|Any CPU = Release|Any CPU
	EndGlobalSection
	GlobalSection(ProjectConfigurationPlatforms) = postSolution
		{C48D4B0C-38BA-E142-848A-F4DE09490913}.Debug|Any CPU.ActiveCfg = Debug|Any CPU
		{C48D4B0C-38BA-E142-848A-F4DE09490913}.Debug|Any CPU.Build.0 = Debug|Any CPU
		{C48D4B0C-38BA-E142-848A-F4DE09490913}.Release|Any CPU.ActiveCfg = Release|Any CPU
		{C48D4B0C-38BA-E142-848A-F4DE09490913}.Release|Any CPU.Build.0 = Release|Any CPU
	EndGlobalSection
	GlobalSection(SolutionProperties) = preSolution
		HideSolutionNode = FALSE
	EndGlobalSection
	GlobalSection(ExtensibilityGlobals) = postSolution
		SolutionGuid = {57BF0BA3-6D68-49C2-9047-B3693D14E4C0}
	EndGlobalSection
EndGlobal
